// !$*UTF8*$!
{
	archiveVersion = 1;
	classes = {
	};
	objectVersion = 51;
	objects = {

/* Begin PBXBuildFile section */
		29B530CBCFFF7485E135EA58 /* Pods_RxSwiftPracticeTests.framework in Frameworks */ = {isa = PBXBuildFile; fileRef = 49FD8C8DD404B78DEA73603C /* Pods_RxSwiftPracticeTests.framework */; };
		994A009E578A41512852BFC9 /* Pods_RxSwiftPractice_RxSwiftPracticeUITests.framework in Frameworks */ = {isa = PBXBuildFile; fileRef = 9C000C2E149619BBF8D133E9 /* Pods_RxSwiftPractice_RxSwiftPracticeUITests.framework */; };
		D4C263F3A9ED2B667DB96F75 /* Pods_RxSwiftPractice.framework in Frameworks */ = {isa = PBXBuildFile; fileRef = 304A85CE98168FDF5A920E63 /* Pods_RxSwiftPractice.framework */; };
		EA04B98825D284C700753005 /* OperatorViewController.swift in Sources */ = {isa = PBXBuildFile; fileRef = EA04B98725D284C700753005 /* OperatorViewController.swift */; };
		EA04BA0725D37C1800753005 /* RelayViewController.swift in Sources */ = {isa = PBXBuildFile; fileRef = EA04BA0625D37C1800753005 /* RelayViewController.swift */; };
		EA90EC4A25D260E900171BDC /* AppDelegate.swift in Sources */ = {isa = PBXBuildFile; fileRef = EA90EC4925D260E900171BDC /* AppDelegate.swift */; };
		EA90EC4C25D260E900171BDC /* SceneDelegate.swift in Sources */ = {isa = PBXBuildFile; fileRef = EA90EC4B25D260E900171BDC /* SceneDelegate.swift */; };
		EA90EC4E25D260E900171BDC /* ViewController.swift in Sources */ = {isa = PBXBuildFile; fileRef = EA90EC4D25D260E900171BDC /* ViewController.swift */; };
		EA90EC5125D260E900171BDC /* Main.storyboard in Resources */ = {isa = PBXBuildFile; fileRef = EA90EC4F25D260E900171BDC /* Main.storyboard */; };
		EA90EC5325D260EB00171BDC /* Assets.xcassets in Resources */ = {isa = PBXBuildFile; fileRef = EA90EC5225D260EB00171BDC /* Assets.xcassets */; };
		EA90EC5625D260EB00171BDC /* LaunchScreen.storyboard in Resources */ = {isa = PBXBuildFile; fileRef = EA90EC5425D260EB00171BDC /* LaunchScreen.storyboard */; };
		EA90EC6125D260EB00171BDC /* RxSwiftPracticeTests.swift in Sources */ = {isa = PBXBuildFile; fileRef = EA90EC6025D260EB00171BDC /* RxSwiftPracticeTests.swift */; };
		EA90EC6C25D260EB00171BDC /* RxSwiftPracticeUITests.swift in Sources */ = {isa = PBXBuildFile; fileRef = EA90EC6B25D260EB00171BDC /* RxSwiftPracticeUITests.swift */; };
		EA90EC9A25D274C500171BDC /* SecondViewController.swift in Sources */ = {isa = PBXBuildFile; fileRef = EA90EC9925D274C500171BDC /* SecondViewController.swift */; };
/* End PBXBuildFile section */

/* Begin PBXContainerItemProxy section */
		EA90EC5D25D260EB00171BDC /* PBXContainerItemProxy */ = {
			isa = PBXContainerItemProxy;
			containerPortal = EA90EC3E25D260E900171BDC /* Project object */;
			proxyType = 1;
			remoteGlobalIDString = EA90EC4525D260E900171BDC;
			remoteInfo = RxSwiftPractice;
		};
		EA90EC6825D260EB00171BDC /* PBXContainerItemProxy */ = {
			isa = PBXContainerItemProxy;
			containerPortal = EA90EC3E25D260E900171BDC /* Project object */;
			proxyType = 1;
			remoteGlobalIDString = EA90EC4525D260E900171BDC;
			remoteInfo = RxSwiftPractice;
		};
/* End PBXContainerItemProxy section */

/* Begin PBXFileReference section */
		267638F31E9D68EB56E49797 /* Pods-RxSwiftPractice.debug.xcconfig */ = {isa = PBXFileReference; includeInIndex = 1; lastKnownFileType = text.xcconfig; name = "Pods-RxSwiftPractice.debug.xcconfig"; path = "Target Support Files/Pods-RxSwiftPractice/Pods-RxSwiftPractice.debug.xcconfig"; sourceTree = "<group>"; };
		304A85CE98168FDF5A920E63 /* Pods_RxSwiftPractice.framework */ = {isa = PBXFileReference; explicitFileType = wrapper.framework; includeInIndex = 0; path = Pods_RxSwiftPractice.framework; sourceTree = BUILT_PRODUCTS_DIR; };
		49FD8C8DD404B78DEA73603C /* Pods_RxSwiftPracticeTests.framework */ = {isa = PBXFileReference; explicitFileType = wrapper.framework; includeInIndex = 0; path = Pods_RxSwiftPracticeTests.framework; sourceTree = BUILT_PRODUCTS_DIR; };
		4A194590DCAF7FD4FA2B5497 /* Pods-RxSwiftPracticeTests.release.xcconfig */ = {isa = PBXFileReference; includeInIndex = 1; lastKnownFileType = text.xcconfig; name = "Pods-RxSwiftPracticeTests.release.xcconfig"; path = "Target Support Files/Pods-RxSwiftPracticeTests/Pods-RxSwiftPracticeTests.release.xcconfig"; sourceTree = "<group>"; };
		7CAD61558279DF2AE8DC3D6E /* Pods-RxSwiftPracticeTests.debug.xcconfig */ = {isa = PBXFileReference; includeInIndex = 1; lastKnownFileType = text.xcconfig; name = "Pods-RxSwiftPracticeTests.debug.xcconfig"; path = "Target Support Files/Pods-RxSwiftPracticeTests/Pods-RxSwiftPracticeTests.debug.xcconfig"; sourceTree = "<group>"; };
		7EB4083EDDA5A07442EC90E5 /* Pods-RxSwiftPractice.release.xcconfig */ = {isa = PBXFileReference; includeInIndex = 1; lastKnownFileType = text.xcconfig; name = "Pods-RxSwiftPractice.release.xcconfig"; path = "Target Support Files/Pods-RxSwiftPractice/Pods-RxSwiftPractice.release.xcconfig"; sourceTree = "<group>"; };
		9C000C2E149619BBF8D133E9 /* Pods_RxSwiftPractice_RxSwiftPracticeUITests.framework */ = {isa = PBXFileReference; explicitFileType = wrapper.framework; includeInIndex = 0; path = Pods_RxSwiftPractice_RxSwiftPracticeUITests.framework; sourceTree = BUILT_PRODUCTS_DIR; };
		B8B87F8B30AF8785F55E15AC /* Pods-RxSwiftPractice-RxSwiftPracticeUITests.release.xcconfig */ = {isa = PBXFileReference; includeInIndex = 1; lastKnownFileType = text.xcconfig; name = "Pods-RxSwiftPractice-RxSwiftPracticeUITests.release.xcconfig"; path = "Target Support Files/Pods-RxSwiftPractice-RxSwiftPracticeUITests/Pods-RxSwiftPractice-RxSwiftPracticeUITests.release.xcconfig"; sourceTree = "<group>"; };
		D3E6724A37A47696DF8709CB /* Pods-RxSwiftPractice-RxSwiftPracticeUITests.debug.xcconfig */ = {isa = PBXFileReference; includeInIndex = 1; lastKnownFileType = text.xcconfig; name = "Pods-RxSwiftPractice-RxSwiftPracticeUITests.debug.xcconfig"; path = "Target Support Files/Pods-RxSwiftPractice-RxSwiftPracticeUITests/Pods-RxSwiftPractice-RxSwiftPracticeUITests.debug.xcconfig"; sourceTree = "<group>"; };
		EA04B98725D284C700753005 /* OperatorViewController.swift */ = {isa = PBXFileReference; lastKnownFileType = sourcecode.swift; path = OperatorViewController.swift; sourceTree = "<group>"; };
		EA04BA0625D37C1800753005 /* RelayViewController.swift */ = {isa = PBXFileReference; lastKnownFileType = sourcecode.swift; path = RelayViewController.swift; sourceTree = "<group>"; };
		EA7E7DB9260C125800D82D3F /* RxSwift.playground */ = {isa = PBXFileReference; lastKnownFileType = file.playground; path = RxSwift.playground; sourceTree = "<group>"; xcLanguageSpecificationIdentifier = xcode.lang.swift; };
		EA90EC4625D260E900171BDC /* RxSwiftPractice.app */ = {isa = PBXFileReference; explicitFileType = wrapper.application; includeInIndex = 0; path = RxSwiftPractice.app; sourceTree = BUILT_PRODUCTS_DIR; };
		EA90EC4925D260E900171BDC /* AppDelegate.swift */ = {isa = PBXFileReference; lastKnownFileType = sourcecode.swift; path = AppDelegate.swift; sourceTree = "<group>"; };
		EA90EC4B25D260E900171BDC /* SceneDelegate.swift */ = {isa = PBXFileReference; lastKnownFileType = sourcecode.swift; path = SceneDelegate.swift; sourceTree = "<group>"; };
		EA90EC4D25D260E900171BDC /* ViewController.swift */ = {isa = PBXFileReference; lastKnownFileType = sourcecode.swift; path = ViewController.swift; sourceTree = "<group>"; };
		EA90EC5025D260E900171BDC /* Base */ = {isa = PBXFileReference; lastKnownFileType = file.storyboard; name = Base; path = Base.lproj/Main.storyboard; sourceTree = "<group>"; };
		EA90EC5225D260EB00171BDC /* Assets.xcassets */ = {isa = PBXFileReference; lastKnownFileType = folder.assetcatalog; path = Assets.xcassets; sourceTree = "<group>"; };
		EA90EC5525D260EB00171BDC /* Base */ = {isa = PBXFileReference; lastKnownFileType = file.storyboard; name = Base; path = Base.lproj/LaunchScreen.storyboard; sourceTree = "<group>"; };
		EA90EC5725D260EB00171BDC /* Info.plist */ = {isa = PBXFileReference; lastKnownFileType = text.plist.xml; path = Info.plist; sourceTree = "<group>"; };
		EA90EC5C25D260EB00171BDC /* RxSwiftPracticeTests.xctest */ = {isa = PBXFileReference; explicitFileType = wrapper.cfbundle; includeInIndex = 0; path = RxSwiftPracticeTests.xctest; sourceTree = BUILT_PRODUCTS_DIR; };
		EA90EC6025D260EB00171BDC /* RxSwiftPracticeTests.swift */ = {isa = PBXFileReference; lastKnownFileType = sourcecode.swift; path = RxSwiftPracticeTests.swift; sourceTree = "<group>"; };
		EA90EC6225D260EB00171BDC /* Info.plist */ = {isa = PBXFileReference; lastKnownFileType = text.plist.xml; path = Info.plist; sourceTree = "<group>"; };
		EA90EC6725D260EB00171BDC /* RxSwiftPracticeUITests.xctest */ = {isa = PBXFileReference; explicitFileType = wrapper.cfbundle; includeInIndex = 0; path = RxSwiftPracticeUITests.xctest; sourceTree = BUILT_PRODUCTS_DIR; };
		EA90EC6B25D260EB00171BDC /* RxSwiftPracticeUITests.swift */ = {isa = PBXFileReference; lastKnownFileType = sourcecode.swift; path = RxSwiftPracticeUITests.swift; sourceTree = "<group>"; };
		EA90EC6D25D260EB00171BDC /* Info.plist */ = {isa = PBXFileReference; lastKnownFileType = text.plist.xml; path = Info.plist; sourceTree = "<group>"; };
		EA90EC9925D274C500171BDC /* SecondViewController.swift */ = {isa = PBXFileReference; lastKnownFileType = sourcecode.swift; path = SecondViewController.swift; sourceTree = "<group>"; };
/* End PBXFileReference section */

/* Begin PBXFrameworksBuildPhase section */
		EA90EC4325D260E900171BDC /* Frameworks */ = {
			isa = PBXFrameworksBuildPhase;
			buildActionMask = 2147483647;
			files = (
				D4C263F3A9ED2B667DB96F75 /* Pods_RxSwiftPractice.framework in Frameworks */,
			);
			runOnlyForDeploymentPostprocessing = 0;
		};
		EA90EC5925D260EB00171BDC /* Frameworks */ = {
			isa = PBXFrameworksBuildPhase;
			buildActionMask = 2147483647;
			files = (
				29B530CBCFFF7485E135EA58 /* Pods_RxSwiftPracticeTests.framework in Frameworks */,
			);
			runOnlyForDeploymentPostprocessing = 0;
		};
		EA90EC6425D260EB00171BDC /* Frameworks */ = {
			isa = PBXFrameworksBuildPhase;
			buildActionMask = 2147483647;
			files = (
				994A009E578A41512852BFC9 /* Pods_RxSwiftPractice_RxSwiftPracticeUITests.framework in Frameworks */,
			);
			runOnlyForDeploymentPostprocessing = 0;
		};
/* End PBXFrameworksBuildPhase section */

/* Begin PBXGroup section */
		09D79B921EF6F21034782FF1 /* Frameworks */ = {
			isa = PBXGroup;
			children = (
				304A85CE98168FDF5A920E63 /* Pods_RxSwiftPractice.framework */,
				9C000C2E149619BBF8D133E9 /* Pods_RxSwiftPractice_RxSwiftPracticeUITests.framework */,
				49FD8C8DD404B78DEA73603C /* Pods_RxSwiftPracticeTests.framework */,
			);
			name = Frameworks;
			sourceTree = "<group>";
		};
		340D2018802BA81CFD19CBAD /* Pods */ = {
			isa = PBXGroup;
			children = (
				267638F31E9D68EB56E49797 /* Pods-RxSwiftPractice.debug.xcconfig */,
				7EB4083EDDA5A07442EC90E5 /* Pods-RxSwiftPractice.release.xcconfig */,
				D3E6724A37A47696DF8709CB /* Pods-RxSwiftPractice-RxSwiftPracticeUITests.debug.xcconfig */,
				B8B87F8B30AF8785F55E15AC /* Pods-RxSwiftPractice-RxSwiftPracticeUITests.release.xcconfig */,
				7CAD61558279DF2AE8DC3D6E /* Pods-RxSwiftPracticeTests.debug.xcconfig */,
				4A194590DCAF7FD4FA2B5497 /* Pods-RxSwiftPracticeTests.release.xcconfig */,
			);
			path = Pods;
			sourceTree = "<group>";
		};
		EA90EC3D25D260E900171BDC = {
			isa = PBXGroup;
			children = (
				EA7E7DB9260C125800D82D3F /* RxSwift.playground */,
				EA90EC4825D260E900171BDC /* RxSwiftPractice */,
				EA90EC5F25D260EB00171BDC /* RxSwiftPracticeTests */,
				EA90EC6A25D260EB00171BDC /* RxSwiftPracticeUITests */,
				EA90EC4725D260E900171BDC /* Products */,
				340D2018802BA81CFD19CBAD /* Pods */,
				09D79B921EF6F21034782FF1 /* Frameworks */,
			);
			sourceTree = "<group>";
		};
		EA90EC4725D260E900171BDC /* Products */ = {
			isa = PBXGroup;
			children = (
				EA90EC4625D260E900171BDC /* RxSwiftPractice.app */,
				EA90EC5C25D260EB00171BDC /* RxSwiftPracticeTests.xctest */,
				EA90EC6725D260EB00171BDC /* RxSwiftPracticeUITests.xctest */,
			);
			name = Products;
			sourceTree = "<group>";
		};
		EA90EC4825D260E900171BDC /* RxSwiftPractice */ = {
			isa = PBXGroup;
			children = (
				EA90EC4925D260E900171BDC /* AppDelegate.swift */,
				EA90EC4B25D260E900171BDC /* SceneDelegate.swift */,
				EA90EC4D25D260E900171BDC /* ViewController.swift */,
				EA90EC9925D274C500171BDC /* SecondViewController.swift */,
				EA04B98725D284C700753005 /* OperatorViewController.swift */,
				EA04BA0625D37C1800753005 /* RelayViewController.swift */,
				EA90EC4F25D260E900171BDC /* Main.storyboard */,
				EA90EC5225D260EB00171BDC /* Assets.xcassets */,
				EA90EC5425D260EB00171BDC /* LaunchScreen.storyboard */,
				EA90EC5725D260EB00171BDC /* Info.plist */,
			);
			path = RxSwiftPractice;
			sourceTree = "<group>";
		};
		EA90EC5F25D260EB00171BDC /* RxSwiftPracticeTests */ = {
			isa = PBXGroup;
			children = (
				EA90EC6025D260EB00171BDC /* RxSwiftPracticeTests.swift */,
				EA90EC6225D260EB00171BDC /* Info.plist */,
			);
			path = RxSwiftPracticeTests;
			sourceTree = "<group>";
		};
		EA90EC6A25D260EB00171BDC /* RxSwiftPracticeUITests */ = {
			isa = PBXGroup;
			children = (
				EA90EC6B25D260EB00171BDC /* RxSwiftPracticeUITests.swift */,
				EA90EC6D25D260EB00171BDC /* Info.plist */,
			);
			path = RxSwiftPracticeUITests;
			sourceTree = "<group>";
		};
/* End PBXGroup section */

/* Begin PBXNativeTarget section */
		EA90EC4525D260E900171BDC /* RxSwiftPractice */ = {
			isa = PBXNativeTarget;
			buildConfigurationList = EA90EC7025D260EB00171BDC /* Build configuration list for PBXNativeTarget "RxSwiftPractice" */;
			buildPhases = (
				65D4213300468C97EDF1FEBF /* [CP] Check Pods Manifest.lock */,
				EA90EC4225D260E900171BDC /* Sources */,
				EA90EC4325D260E900171BDC /* Frameworks */,
				EA90EC4425D260E900171BDC /* Resources */,
				BC3E4E99777C14EDE739779A /* [CP] Embed Pods Frameworks */,
			);
			buildRules = (
			);
			dependencies = (
			);
			name = RxSwiftPractice;
			productName = RxSwiftPractice;
			productReference = EA90EC4625D260E900171BDC /* RxSwiftPractice.app */;
			productType = "com.apple.product-type.application";
		};
		EA90EC5B25D260EB00171BDC /* RxSwiftPracticeTests */ = {
			isa = PBXNativeTarget;
			buildConfigurationList = EA90EC7325D260EB00171BDC /* Build configuration list for PBXNativeTarget "RxSwiftPracticeTests" */;
			buildPhases = (
				6A2B650EB5E2C5D01E27219F /* [CP] Check Pods Manifest.lock */,
				EA90EC5825D260EB00171BDC /* Sources */,
				EA90EC5925D260EB00171BDC /* Frameworks */,
				EA90EC5A25D260EB00171BDC /* Resources */,
			);
			buildRules = (
			);
			dependencies = (
				EA90EC5E25D260EB00171BDC /* PBXTargetDependency */,
			);
			name = RxSwiftPracticeTests;
			productName = RxSwiftPracticeTests;
			productReference = EA90EC5C25D260EB00171BDC /* RxSwiftPracticeTests.xctest */;
			productType = "com.apple.product-type.bundle.unit-test";
		};
		EA90EC6625D260EB00171BDC /* RxSwiftPracticeUITests */ = {
			isa = PBXNativeTarget;
			buildConfigurationList = EA90EC7625D260EB00171BDC /* Build configuration list for PBXNativeTarget "RxSwiftPracticeUITests" */;
			buildPhases = (
				F4AEDA9F4B583CE8E28188DF /* [CP] Check Pods Manifest.lock */,
				EA90EC6325D260EB00171BDC /* Sources */,
				EA90EC6425D260EB00171BDC /* Frameworks */,
				EA90EC6525D260EB00171BDC /* Resources */,
				FD20585DD2A668847663674D /* [CP] Embed Pods Frameworks */,
			);
			buildRules = (
			);
			dependencies = (
				EA90EC6925D260EB00171BDC /* PBXTargetDependency */,
			);
			name = RxSwiftPracticeUITests;
			productName = RxSwiftPracticeUITests;
			productReference = EA90EC6725D260EB00171BDC /* RxSwiftPracticeUITests.xctest */;
			productType = "com.apple.product-type.bundle.ui-testing";
		};
/* End PBXNativeTarget section */

/* Begin PBXProject section */
		EA90EC3E25D260E900171BDC /* Project object */ = {
			isa = PBXProject;
			attributes = {
				LastSwiftUpdateCheck = 1240;
				LastUpgradeCheck = 1240;
				TargetAttributes = {
					EA90EC4525D260E900171BDC = {
						CreatedOnToolsVersion = 12.4;
					};
					EA90EC5B25D260EB00171BDC = {
						CreatedOnToolsVersion = 12.4;
						TestTargetID = EA90EC4525D260E900171BDC;
					};
					EA90EC6625D260EB00171BDC = {
						CreatedOnToolsVersion = 12.4;
						TestTargetID = EA90EC4525D260E900171BDC;
					};
				};
			};
			buildConfigurationList = EA90EC4125D260E900171BDC /* Build configuration list for PBXProject "RxSwiftPractice" */;
			compatibilityVersion = "Xcode 9.3";
			developmentRegion = en;
			hasScannedForEncodings = 0;
			knownRegions = (
				en,
				Base,
			);
			mainGroup = EA90EC3D25D260E900171BDC;
			productRefGroup = EA90EC4725D260E900171BDC /* Products */;
			projectDirPath = "";
			projectRoot = "";
			targets = (
				EA90EC4525D260E900171BDC /* RxSwiftPractice */,
				EA90EC5B25D260EB00171BDC /* RxSwiftPracticeTests */,
				EA90EC6625D260EB00171BDC /* RxSwiftPracticeUITests */,
			);
		};
/* End PBXProject section */

/* Begin PBXResourcesBuildPhase section */
		EA90EC4425D260E900171BDC /* Resources */ = {
			isa = PBXResourcesBuildPhase;
			buildActionMask = 2147483647;
			files = (
				EA90EC5625D260EB00171BDC /* LaunchScreen.storyboard in Resources */,
				EA90EC5325D260EB00171BDC /* Assets.xcassets in Resources */,
				EA90EC5125D260E900171BDC /* Main.storyboard in Resources */,
			);
			runOnlyForDeploymentPostprocessing = 0;
		};
		EA90EC5A25D260EB00171BDC /* Resources */ = {
			isa = PBXResourcesBuildPhase;
			buildActionMask = 2147483647;
			files = (
			);
			runOnlyForDeploymentPostprocessing = 0;
		};
		EA90EC6525D260EB00171BDC /* Resources */ = {
			isa = PBXResourcesBuildPhase;
			buildActionMask = 2147483647;
			files = (
			);
			runOnlyForDeploymentPostprocessing = 0;
		};
/* End PBXResourcesBuildPhase section */

/* Begin PBXShellScriptBuildPhase section */
		65D4213300468C97EDF1FEBF /* [CP] Check Pods Manifest.lock */ = {
			isa = PBXShellScriptBuildPhase;
			buildActionMask = 2147483647;
			files = (
			);
			inputFileListPaths = (
			);
			inputPaths = (
				"${PODS_PODFILE_DIR_PATH}/Podfile.lock",
				"${PODS_ROOT}/Manifest.lock",
			);
			name = "[CP] Check Pods Manifest.lock";
			outputFileListPaths = (
			);
			outputPaths = (
				"$(DERIVED_FILE_DIR)/Pods-RxSwiftPractice-checkManifestLockResult.txt",
			);
			runOnlyForDeploymentPostprocessing = 0;
			shellPath = /bin/sh;
			shellScript = "diff \"${PODS_PODFILE_DIR_PATH}/Podfile.lock\" \"${PODS_ROOT}/Manifest.lock\" > /dev/null\nif [ $? != 0 ] ; then\n    # print error to STDERR\n    echo \"error: The sandbox is not in sync with the Podfile.lock. Run 'pod install' or update your CocoaPods installation.\" >&2\n    exit 1\nfi\n# This output is used by Xcode 'outputs' to avoid re-running this script phase.\necho \"SUCCESS\" > \"${SCRIPT_OUTPUT_FILE_0}\"\n";
			showEnvVarsInLog = 0;
		};
		6A2B650EB5E2C5D01E27219F /* [CP] Check Pods Manifest.lock */ = {
			isa = PBXShellScriptBuildPhase;
			buildActionMask = 2147483647;
			files = (
			);
			inputFileListPaths = (
			);
			inputPaths = (
				"${PODS_PODFILE_DIR_PATH}/Podfile.lock",
				"${PODS_ROOT}/Manifest.lock",
			);
			name = "[CP] Check Pods Manifest.lock";
			outputFileListPaths = (
			);
			outputPaths = (
				"$(DERIVED_FILE_DIR)/Pods-RxSwiftPracticeTests-checkManifestLockResult.txt",
			);
			runOnlyForDeploymentPostprocessing = 0;
			shellPath = /bin/sh;
			shellScript = "diff \"${PODS_PODFILE_DIR_PATH}/Podfile.lock\" \"${PODS_ROOT}/Manifest.lock\" > /dev/null\nif [ $? != 0 ] ; then\n    # print error to STDERR\n    echo \"error: The sandbox is not in sync with the Podfile.lock. Run 'pod install' or update your CocoaPods installation.\" >&2\n    exit 1\nfi\n# This output is used by Xcode 'outputs' to avoid re-running this script phase.\necho \"SUCCESS\" > \"${SCRIPT_OUTPUT_FILE_0}\"\n";
			showEnvVarsInLog = 0;
		};
		BC3E4E99777C14EDE739779A /* [CP] Embed Pods Frameworks */ = {
			isa = PBXShellScriptBuildPhase;
			buildActionMask = 2147483647;
			files = (
			);
			inputFileListPaths = (
				"${PODS_ROOT}/Target Support Files/Pods-RxSwiftPractice/Pods-RxSwiftPractice-frameworks-${CONFIGURATION}-input-files.xcfilelist",
			);
			name = "[CP] Embed Pods Frameworks";
			outputFileListPaths = (
				"${PODS_ROOT}/Target Support Files/Pods-RxSwiftPractice/Pods-RxSwiftPractice-frameworks-${CONFIGURATION}-output-files.xcfilelist",
			);
			runOnlyForDeploymentPostprocessing = 0;
			shellPath = /bin/sh;
			shellScript = "\"${PODS_ROOT}/Target Support Files/Pods-RxSwiftPractice/Pods-RxSwiftPractice-frameworks.sh\"\n";
			showEnvVarsInLog = 0;
		};
		F4AEDA9F4B583CE8E28188DF /* [CP] Check Pods Manifest.lock */ = {
			isa = PBXShellScriptBuildPhase;
			buildActionMask = 2147483647;
			files = (
			);
			inputFileListPaths = (
			);
			inputPaths = (
				"${PODS_PODFILE_DIR_PATH}/Podfile.lock",
				"${PODS_ROOT}/Manifest.lock",
			);
			name = "[CP] Check Pods Manifest.lock";
			outputFileListPaths = (
			);
			outputPaths = (
				"$(DERIVED_FILE_DIR)/Pods-RxSwiftPractice-RxSwiftPracticeUITests-checkManifestLockResult.txt",
			);
			runOnlyForDeploymentPostprocessing = 0;
			shellPath = /bin/sh;
			shellScript = "diff \"${PODS_PODFILE_DIR_PATH}/Podfile.lock\" \"${PODS_ROOT}/Manifest.lock\" > /dev/null\nif [ $? != 0 ] ; then\n    # print error to STDERR\n    echo \"error: The sandbox is not in sync with the Podfile.lock. Run 'pod install' or update your CocoaPods installation.\" >&2\n    exit 1\nfi\n# This output is used by Xcode 'outputs' to avoid re-running this script phase.\necho \"SUCCESS\" > \"${SCRIPT_OUTPUT_FILE_0}\"\n";
			showEnvVarsInLog = 0;
		};
		FD20585DD2A668847663674D /* [CP] Embed Pods Frameworks */ = {
			isa = PBXShellScriptBuildPhase;
			buildActionMask = 2147483647;
			files = (
			);
			inputFileListPaths = (
				"${PODS_ROOT}/Target Support Files/Pods-RxSwiftPractice-RxSwiftPracticeUITests/Pods-RxSwiftPractice-RxSwiftPracticeUITests-frameworks-${CONFIGURATION}-input-files.xcfilelist",
			);
			name = "[CP] Embed Pods Frameworks";
			outputFileListPaths = (
				"${PODS_ROOT}/Target Support Files/Pods-RxSwiftPractice-RxSwiftPracticeUITests/Pods-RxSwiftPractice-RxSwiftPracticeUITests-frameworks-${CONFIGURATION}-output-files.xcfilelist",
			);
			runOnlyForDeploymentPostprocessing = 0;
			shellPath = /bin/sh;
			shellScript = "\"${PODS_ROOT}/Target Support Files/Pods-RxSwiftPractice-RxSwiftPracticeUITests/Pods-RxSwiftPractice-RxSwiftPracticeUITests-frameworks.sh\"\n";
			showEnvVarsInLog = 0;
		};
/* End PBXShellScriptBuildPhase section */

/* Begin PBXSourcesBuildPhase section */
		EA90EC4225D260E900171BDC /* Sources */ = {
			isa = PBXSourcesBuildPhase;
			buildActionMask = 2147483647;
			files = (
				EA04BA0725D37C1800753005 /* RelayViewController.swift in Sources */,
				EA90EC9A25D274C500171BDC /* SecondViewController.swift in Sources */,
				EA90EC4E25D260E900171BDC /* ViewController.swift in Sources */,
				EA04B98825D284C700753005 /* OperatorViewController.swift in Sources */,
				EA90EC4A25D260E900171BDC /* AppDelegate.swift in Sources */,
				EA90EC4C25D260E900171BDC /* SceneDelegate.swift in Sources */,
			);
			runOnlyForDeploymentPostprocessing = 0;
		};
		EA90EC5825D260EB00171BDC /* Sources */ = {
			isa = PBXSourcesBuildPhase;
			buildActionMask = 2147483647;
			files = (
				EA90EC6125D260EB00171BDC /* RxSwiftPracticeTests.swift in Sources */,
			);
			runOnlyForDeploymentPostprocessing = 0;
		};
		EA90EC6325D260EB00171BDC /* Sources */ = {
			isa = PBXSourcesBuildPhase;
			buildActionMask = 2147483647;
			files = (
				EA90EC6C25D260EB00171BDC /* RxSwiftPracticeUITests.swift in Sources */,
			);
			runOnlyForDeploymentPostprocessing = 0;
		};
/* End PBXSourcesBuildPhase section */

/* Begin PBXTargetDependency section */
		EA90EC5E25D260EB00171BDC /* PBXTargetDependency */ = {
			isa = PBXTargetDependency;
			target = EA90EC4525D260E900171BDC /* RxSwiftPractice */;
			targetProxy = EA90EC5D25D260EB00171BDC /* PBXContainerItemProxy */;
		};
		EA90EC6925D260EB00171BDC /* PBXTargetDependency */ = {
			isa = PBXTargetDependency;
			target = EA90EC4525D260E900171BDC /* RxSwiftPractice */;
			targetProxy = EA90EC6825D260EB00171BDC /* PBXContainerItemProxy */;
		};
/* End PBXTargetDependency section */

/* Begin PBXVariantGroup section */
		EA90EC4F25D260E900171BDC /* Main.storyboard */ = {
			isa = PBXVariantGroup;
			children = (
				EA90EC5025D260E900171BDC /* Base */,
			);
			name = Main.storyboard;
			sourceTree = "<group>";
		};
		EA90EC5425D260EB00171BDC /* LaunchScreen.storyboard */ = {
			isa = PBXVariantGroup;
			children = (
				EA90EC5525D260EB00171BDC /* Base */,
			);
			name = LaunchScreen.storyboard;
			sourceTree = "<group>";
		};
/* End PBXVariantGroup section */

/* Begin XCBuildConfiguration section */
		EA90EC6E25D260EB00171BDC /* Debug */ = {
			isa = XCBuildConfiguration;
			buildSettings = {
				ALWAYS_SEARCH_USER_PATHS = NO;
				CLANG_ANALYZER_NONNULL = YES;
				CLANG_ANALYZER_NUMBER_OBJECT_CONVERSION = YES_AGGRESSIVE;
				CLANG_CXX_LANGUAGE_STANDARD = "gnu++14";
				CLANG_CXX_LIBRARY = "libc++";
				CLANG_ENABLE_MODULES = YES;
				CLANG_ENABLE_OBJC_ARC = YES;
				CLANG_ENABLE_OBJC_WEAK = YES;
				CLANG_WARN_BLOCK_CAPTURE_AUTORELEASING = YES;
				CLANG_WARN_BOOL_CONVERSION = YES;
				CLANG_WARN_COMMA = YES;
				CLANG_WARN_CONSTANT_CONVERSION = YES;
				CLANG_WARN_DEPRECATED_OBJC_IMPLEMENTATIONS = YES;
				CLANG_WARN_DIRECT_OBJC_ISA_USAGE = YES_ERROR;
				CLANG_WARN_DOCUMENTATION_COMMENTS = YES;
				CLANG_WARN_EMPTY_BODY = YES;
				CLANG_WARN_ENUM_CONVERSION = YES;
				CLANG_WARN_INFINITE_RECURSION = YES;
				CLANG_WARN_INT_CONVERSION = YES;
				CLANG_WARN_NON_LITERAL_NULL_CONVERSION = YES;
				CLANG_WARN_OBJC_IMPLICIT_RETAIN_SELF = YES;
				CLANG_WARN_OBJC_LITERAL_CONVERSION = YES;
				CLANG_WARN_OBJC_ROOT_CLASS = YES_ERROR;
				CLANG_WARN_QUOTED_INCLUDE_IN_FRAMEWORK_HEADER = YES;
				CLANG_WARN_RANGE_LOOP_ANALYSIS = YES;
				CLANG_WARN_STRICT_PROTOTYPES = YES;
				CLANG_WARN_SUSPICIOUS_MOVE = YES;
				CLANG_WARN_UNGUARDED_AVAILABILITY = YES_AGGRESSIVE;
				CLANG_WARN_UNREACHABLE_CODE = YES;
				CLANG_WARN__DUPLICATE_METHOD_MATCH = YES;
				COPY_PHASE_STRIP = NO;
				DEBUG_INFORMATION_FORMAT = dwarf;
				ENABLE_STRICT_OBJC_MSGSEND = YES;
				ENABLE_TESTABILITY = YES;
				GCC_C_LANGUAGE_STANDARD = gnu11;
				GCC_DYNAMIC_NO_PIC = NO;
				GCC_NO_COMMON_BLOCKS = YES;
				GCC_OPTIMIZATION_LEVEL = 0;
				GCC_PREPROCESSOR_DEFINITIONS = (
					"DEBUG=1",
					"$(inherited)",
				);
				GCC_WARN_64_TO_32_BIT_CONVERSION = YES;
				GCC_WARN_ABOUT_RETURN_TYPE = YES_ERROR;
				GCC_WARN_UNDECLARED_SELECTOR = YES;
				GCC_WARN_UNINITIALIZED_AUTOS = YES_AGGRESSIVE;
				GCC_WARN_UNUSED_FUNCTION = YES;
				GCC_WARN_UNUSED_VARIABLE = YES;
				IPHONEOS_DEPLOYMENT_TARGET = 14.4;
				MTL_ENABLE_DEBUG_INFO = INCLUDE_SOURCE;
				MTL_FAST_MATH = YES;
				ONLY_ACTIVE_ARCH = YES;
				SDKROOT = iphoneos;
				SWIFT_ACTIVE_COMPILATION_CONDITIONS = DEBUG;
				SWIFT_OPTIMIZATION_LEVEL = "-Onone";
			};
			name = Debug;
		};
		EA90EC6F25D260EB00171BDC /* Release */ = {
			isa = XCBuildConfiguration;
			buildSettings = {
				ALWAYS_SEARCH_USER_PATHS = NO;
				CLANG_ANALYZER_NONNULL = YES;
				CLANG_ANALYZER_NUMBER_OBJECT_CONVERSION = YES_AGGRESSIVE;
				CLANG_CXX_LANGUAGE_STANDARD = "gnu++14";
				CLANG_CXX_LIBRARY = "libc++";
				CLANG_ENABLE_MODULES = YES;
				CLANG_ENABLE_OBJC_ARC = YES;
				CLANG_ENABLE_OBJC_WEAK = YES;
				CLANG_WARN_BLOCK_CAPTURE_AUTORELEASING = YES;
				CLANG_WARN_BOOL_CONVERSION = YES;
				CLANG_WARN_COMMA = YES;
				CLANG_WARN_CONSTANT_CONVERSION = YES;
				CLANG_WARN_DEPRECATED_OBJC_IMPLEMENTATIONS = YES;
				CLANG_WARN_DIRECT_OBJC_ISA_USAGE = YES_ERROR;
				CLANG_WARN_DOCUMENTATION_COMMENTS = YES;
				CLANG_WARN_EMPTY_BODY = YES;
				CLANG_WARN_ENUM_CONVERSION = YES;
				CLANG_WARN_INFINITE_RECURSION = YES;
				CLANG_WARN_INT_CONVERSION = YES;
				CLANG_WARN_NON_LITERAL_NULL_CONVERSION = YES;
				CLANG_WARN_OBJC_IMPLICIT_RETAIN_SELF = YES;
				CLANG_WARN_OBJC_LITERAL_CONVERSION = YES;
				CLANG_WARN_OBJC_ROOT_CLASS = YES_ERROR;
				CLANG_WARN_QUOTED_INCLUDE_IN_FRAMEWORK_HEADER = YES;
				CLANG_WARN_RANGE_LOOP_ANALYSIS = YES;
				CLANG_WARN_STRICT_PROTOTYPES = YES;
				CLANG_WARN_SUSPICIOUS_MOVE = YES;
				CLANG_WARN_UNGUARDED_AVAILABILITY = YES_AGGRESSIVE;
				CLANG_WARN_UNREACHABLE_CODE = YES;
				CLANG_WARN__DUPLICATE_METHOD_MATCH = YES;
				COPY_PHASE_STRIP = NO;
				DEBUG_INFORMATION_FORMAT = "dwarf-with-dsym";
				ENABLE_NS_ASSERTIONS = NO;
				ENABLE_STRICT_OBJC_MSGSEND = YES;
				GCC_C_LANGUAGE_STANDARD = gnu11;
				GCC_NO_COMMON_BLOCKS = YES;
				GCC_WARN_64_TO_32_BIT_CONVERSION = YES;
				GCC_WARN_ABOUT_RETURN_TYPE = YES_ERROR;
				GCC_WARN_UNDECLARED_SELECTOR = YES;
				GCC_WARN_UNINITIALIZED_AUTOS = YES_AGGRESSIVE;
				GCC_WARN_UNUSED_FUNCTION = YES;
				GCC_WARN_UNUSED_VARIABLE = YES;
				IPHONEOS_DEPLOYMENT_TARGET = 14.4;
				MTL_ENABLE_DEBUG_INFO = NO;
				MTL_FAST_MATH = YES;
				SDKROOT = iphoneos;
				SWIFT_COMPILATION_MODE = wholemodule;
				SWIFT_OPTIMIZATION_LEVEL = "-O";
				VALIDATE_PRODUCT = YES;
			};
			name = Release;
		};
		EA90EC7125D260EB00171BDC /* Debug */ = {
			isa = XCBuildConfiguration;
			baseConfigurationReference = 267638F31E9D68EB56E49797 /* Pods-RxSwiftPractice.debug.xcconfig */;
			buildSettings = {
				ASSETCATALOG_COMPILER_APPICON_NAME = AppIcon;
				ASSETCATALOG_COMPILER_GLOBAL_ACCENT_COLOR_NAME = AccentColor;
				CODE_SIGN_STYLE = Automatic;
				DEVELOPMENT_TEAM = HUUUBGL4W2;
				INFOPLIST_FILE = RxSwiftPractice/Info.plist;
				LD_RUNPATH_SEARCH_PATHS = (
					"$(inherited)",
					"@executable_path/Frameworks",
				);
				PRODUCT_BUNDLE_IDENTIFIER = key.RxSwiftPractice;
				PRODUCT_NAME = "$(TARGET_NAME)";
				SWIFT_VERSION = 5.0;
				TARGETED_DEVICE_FAMILY = "1,2";
			};
			name = Debug;
		};
		EA90EC7225D260EB00171BDC /* Release */ = {
			isa = XCBuildConfiguration;
			baseConfigurationReference = 7EB4083EDDA5A07442EC90E5 /* Pods-RxSwiftPractice.release.xcconfig */;
			buildSettings = {
				ASSETCATALOG_COMPILER_APPICON_NAME = AppIcon;
				ASSETCATALOG_COMPILER_GLOBAL_ACCENT_COLOR_NAME = AccentColor;
				CODE_SIGN_STYLE = Automatic;
				DEVELOPMENT_TEAM = HUUUBGL4W2;
				INFOPLIST_FILE = RxSwiftPractice/Info.plist;
				LD_RUNPATH_SEARCH_PATHS = (
					"$(inherited)",
					"@executable_path/Frameworks",
				);
				PRODUCT_BUNDLE_IDENTIFIER = key.RxSwiftPractice;
				PRODUCT_NAME = "$(TARGET_NAME)";
				SWIFT_VERSION = 5.0;
				TARGETED_DEVICE_FAMILY = "1,2";
			};
			name = Release;
		};
		EA90EC7425D260EB00171BDC /* Debug */ = {
			isa = XCBuildConfiguration;
			baseConfigurationReference = 7CAD61558279DF2AE8DC3D6E /* Pods-RxSwiftPracticeTests.debug.xcconfig */;
			buildSettings = {
				ALWAYS_EMBED_SWIFT_STANDARD_LIBRARIES = YES;
				BUNDLE_LOADER = "$(TEST_HOST)";
				CODE_SIGN_STYLE = Automatic;
				DEVELOPMENT_TEAM = HUUUBGL4W2;
				INFOPLIST_FILE = RxSwiftPracticeTests/Info.plist;
				IPHONEOS_DEPLOYMENT_TARGET = 14.4;
				LD_RUNPATH_SEARCH_PATHS = (
					"$(inherited)",
					"@executable_path/Frameworks",
					"@loader_path/Frameworks",
				);
				PRODUCT_BUNDLE_IDENTIFIER = key.RxSwiftPracticeTests;
				PRODUCT_NAME = "$(TARGET_NAME)";
				SWIFT_VERSION = 5.0;
				TARGETED_DEVICE_FAMILY = "1,2";
				TEST_HOST = "$(BUILT_PRODUCTS_DIR)/RxSwiftPractice.app/RxSwiftPractice";
			};
			name = Debug;
		};
		EA90EC7525D260EB00171BDC /* Release */ = {
			isa = XCBuildConfiguration;
			baseConfigurationReference = 4A194590DCAF7FD4FA2B5497 /* Pods-RxSwiftPracticeTests.release.xcconfig */;
			buildSettings = {
				ALWAYS_EMBED_SWIFT_STANDARD_LIBRARIES = YES;
				BUNDLE_LOADER = "$(TEST_HOST)";
				CODE_SIGN_STYLE = Automatic;
				DEVELOPMENT_TEAM = HUUUBGL4W2;
				INFOPLIST_FILE = RxSwiftPracticeTests/Info.plist;
				IPHONEOS_DEPLOYMENT_TARGET = 14.4;
				LD_RUNPATH_SEARCH_PATHS = (
					"$(inherited)",
					"@executable_path/Frameworks",
					"@loader_path/Frameworks",
				);
				PRODUCT_BUNDLE_IDENTIFIER = key.RxSwiftPracticeTests;
				PRODUCT_NAME = "$(TARGET_NAME)";
				SWIFT_VERSION = 5.0;
				TARGETED_DEVICE_FAMILY = "1,2";
				TEST_HOST = "$(BUILT_PRODUCTS_DIR)/RxSwiftPractice.app/RxSwiftPractice";
			};
			name = Release;
		};
		EA90EC7725D260EB00171BDC /* Debug */ = {
			isa = XCBuildConfiguration;
			baseConfigurationReference = D3E6724A37A47696DF8709CB /* Pods-RxSwiftPractice-RxSwiftPracticeUITests.debug.xcconfig */;
			buildSettings = {
				ALWAYS_EMBED_SWIFT_STANDARD_LIBRARIES = YES;
				CODE_SIGN_STYLE = Automatic;
				DEVELOPMENT_TEAM = HUUUBGL4W2;
				INFOPLIST_FILE = RxSwiftPracticeUITests/Info.plist;
				LD_RUNPATH_SEARCH_PATHS = (
					"$(inherited)",
					"@executable_path/Frameworks",
					"@loader_path/Frameworks",
				);
				PRODUCT_BUNDLE_IDENTIFIER = key.RxSwiftPracticeUITests;
				PRODUCT_NAME = "$(TARGET_NAME)";
				SWIFT_VERSION = 5.0;
				TARGETED_DEVICE_FAMILY = "1,2";
				TEST_TARGET_NAME = RxSwiftPractice;
			};
			name = Debug;
		};
		EA90EC7825D260EB00171BDC /* Release */ = {
			isa = XCBuildConfiguration;
			baseConfigurationReference = B8B87F8B30AF8785F55E15AC /* Pods-RxSwiftPractice-RxSwiftPracticeUITests.release.xcconfig */;
			buildSettings = {
				ALWAYS_EMBED_SWIFT_STANDARD_LIBRARIES = YES;
				CODE_SIGN_STYLE = Automatic;
				DEVELOPMENT_TEAM = HUUUBGL4W2;
				INFOPLIST_FILE = RxSwiftPracticeUITests/Info.plist;
				LD_RUNPATH_SEARCH_PATHS = (
					"$(inherited)",
					"@executable_path/Frameworks",
					"@loader_path/Frameworks",
				);
				PRODUCT_BUNDLE_IDENTIFIER = key.RxSwiftPracticeUITests;
				PRODUCT_NAME = "$(TARGET_NAME)";
				SWIFT_VERSION = 5.0;
				TARGETED_DEVICE_FAMILY = "1,2";
				TEST_TARGET_NAME = RxSwiftPractice;
			};
			name = Release;
		};
/* End XCBuildConfiguration section */

/* Begin XCConfigurationList section */
		EA90EC4125D260E900171BDC /* Build configuration list for PBXProject "RxSwiftPractice" */ = {
			isa = XCConfigurationList;
			buildConfigurations = (
				EA90EC6E25D260EB00171BDC /* Debug */,
				EA90EC6F25D260EB00171BDC /* Release */,
			);
			defaultConfigurationIsVisible = 0;
			defaultConfigurationName = Release;
		};
		EA90EC7025D260EB00171BDC /* Build configuration list for PBXNativeTarget "RxSwiftPractice" */ = {
			isa = XCConfigurationList;
			buildConfigurations = (
				EA90EC7125D260EB00171BDC /* Debug */,
				EA90EC7225D260EB00171BDC /* Release */,
			);
			defaultConfigurationIsVisible = 0;
			defaultConfigurationName = Release;
		};
		EA90EC7325D260EB00171BDC /* Build configuration list for PBXNativeTarget "RxSwiftPracticeTests" */ = {
			isa = XCConfigurationList;
			buildConfigurations = (
				EA90EC7425D260EB00171BDC /* Debug */,
				EA90EC7525D260EB00171BDC /* Release */,
			);
			defaultConfigurationIsVisible = 0;
			defaultConfigurationName = Release;
		};
		EA90EC7625D260EB00171BDC /* Build configuration list for PBXNativeTarget "RxSwiftPracticeUITests" */ = {
			isa = XCConfigurationList;
			buildConfigurations = (
				EA90EC7725D260EB00171BDC /* Debug */,
				EA90EC7825D260EB00171BDC /* Release */,
			);
			defaultConfigurationIsVisible = 0;
			defaultConfigurationName = Release;
		};
/* End XCConfigurationList section */
	};
	rootObject = EA90EC3E25D260E900171BDC /* Project object */;
}
